
Microsoft Visual Studio Solution File, Format Version 12.00
# Visual Studio 15
VisualStudioVersion = 15.0.28307.572
MinimumVisualStudioVersion = 10.0.40219.1
Project("{FAE04EC0-301F-11D3-BF4B-00C04F79EFBC}") = "Tests", "Tests\Tests.csproj", "{B0AF939E-454E-47A7-B39D-1B49F11E5C43}"
EndProject
Project("{FAE04EC0-301F-11D3-BF4B-00C04F79EFBC}") = "MRUCore", "MRUCore\MRUCore.csproj", "{8314EC2E-CBF5-4BCA-AB84-EF42A533769D}"
EndProject
Project("{FAE04EC0-301F-11D3-BF4B-00C04F79EFBC}") = "MRUGuiCore", "MRUGuiCore\MRUGuiCore.csproj", "{601E27E1-FB38-4532-9BD4-541FB590DBD7}"
EndProject
Project("{FAE04EC0-301F-11D3-BF4B-00C04F79EFBC}") = "MRUGuiWin", "MRUGuiWin\MRUGuiWin.csproj", "{5621E250-EC49-418C-8826-0C3878BA4ECD}"
EndProject
Project("{FAE04EC0-301F-11D3-BF4B-00C04F79EFBC}") = "WindowsFormsDemo", "WindowsFormsDemo\WindowsFormsDemo.csproj", "{C9EC07ED-265A-46F5-A263-1EA9D4F7820A}"
EndProject
Global
	GlobalSection(SolutionConfigurationPlatforms) = preSolution
		Debug|Any CPU = Debug|Any CPU
		Release|Any CPU = Release|Any CPU
	EndGlobalSection
	GlobalSection(ProjectConfigurationPlatforms) = postSolution
		{B0AF939E-454E-47A7-B39D-1B49F11E5C43}.Debug|Any CPU.ActiveCfg = Debug|Any CPU
		{B0AF939E-454E-47A7-B39D-1B49F11E5C43}.Debug|Any CPU.Build.0 = Debug|Any CPU
		{B0AF939E-454E-47A7-B39D-1B49F11E5C43}.Release|Any CPU.ActiveCfg = Release|Any CPU
		{B0AF939E-454E-47A7-B39D-1B49F11E5C43}.Release|Any CPU.Build.0 = Release|Any CPU
		{8314EC2E-CBF5-4BCA-AB84-EF42A533769D}.Debug|Any CPU.ActiveCfg = Debug|Any CPU
		{8314EC2E-CBF5-4BCA-AB84-EF42A533769D}.Debug|Any CPU.Build.0 = Debug|Any CPU
		{8314EC2E-CBF5-4BCA-AB84-EF42A533769D}.Release|Any CPU.ActiveCfg = Release|Any CPU
		{8314EC2E-CBF5-4BCA-AB84-EF42A533769D}.Release|Any CPU.Build.0 = Release|Any CPU
		{601E27E1-FB38-4532-9BD4-541FB590DBD7}.Debug|Any CPU.ActiveCfg = Debug|Any CPU
		{601E27E1-FB38-4532-9BD4-541FB590DBD7}.Debug|Any CPU.Build.0 = Debug|Any CPU
		{601E27E1-FB38-4532-9BD4-541FB590DBD7}.Release|Any CPU.ActiveCfg = Release|Any CPU
		{601E27E1-FB38-4532-9BD4-541FB590DBD7}.Release|Any CPU.Build.0 = Release|Any CPU
		{5621E250-EC49-418C-8826-0C3878BA4ECD}.Debug|Any CPU.ActiveCfg = Debug|Any CPU
		{5621E250-EC49-418C-8826-0C3878BA4ECD}.Debug|Any CPU.Build.0 = Debug|Any CPU
		{5621E250-EC49-418C-8826-0C3878BA4ECD}.Release|Any CPU.ActiveCfg = Release|Any CPU
		{5621E250-EC49-418C-8826-0C3878BA4ECD}.Release|Any CPU.Build.0 = Release|Any CPU
		{C9EC07ED-265A-46F5-A263-1EA9D4F7820A}.Debug|Any CPU.ActiveCfg = Debug|Any CPU
		{C9EC07ED-265A-46F5-A263-1EA9D4F7820A}.Debug|Any CPU.Build.0 = Debug|Any CPU
		{C9EC07ED-265A-46F5-A263-1EA9D4F7820A}.Release|Any CPU.ActiveCfg = Release|Any CPU
		{C9EC07ED-265A-46F5-A263-1EA9D4F7820A}.Release|Any CPU.Build.0 = Release|Any CPU
	EndGlobalSection
	GlobalSection(SolutionProperties) = preSolution
		HideSolutionNode = FALSE
	EndGlobalSection
	GlobalSection(ExtensibilityGlobals) = postSolution
		SolutionGuid = {C10F1D44-9DE8-4E89-A3F1-8A2F7F58BDFE}
	EndGlobalSection
EndGlobal
