
Microsoft Visual Studio Solution File, Format Version 12.00
# Visual Studio Version 16
VisualStudioVersion = 16.0.30413.136
MinimumVisualStudioVersion = 10.0.40219.1
Project("{FAE04EC0-301F-11D3-BF4B-00C04F79EFBC}") = "OpenMRUSuiteCore", "OpenMRUSuiteCore.csproj", "{BD173A44-AA93-40AB-9859-1694FE637DB1}"
EndProject
Global
	GlobalSection(SolutionConfigurationPlatforms) = preSolution
		Debug|Any CPU = Debug|Any CPU
		Release|Any CPU = Release|Any CPU
	EndGlobalSection
	GlobalSection(ProjectConfigurationPlatforms) = postSolution
		{BD173A44-AA93-40AB-9859-1694FE637DB1}.Debug|Any CPU.ActiveCfg = Debug|Any CPU
		{BD173A44-AA93-40AB-9859-1694FE637DB1}.Debug|Any CPU.Build.0 = Debug|Any CPU
		{BD173A44-AA93-40AB-9859-1694FE637DB1}.Release|Any CPU.ActiveCfg = Release|Any CPU
		{BD173A44-AA93-40AB-9859-1694FE637DB1}.Release|Any CPU.Build.0 = Release|Any CPU
	EndGlobalSection
	GlobalSection(SolutionProperties) = preSolution
		HideSolutionNode = FALSE
	EndGlobalSection
	GlobalSection(ExtensibilityGlobals) = postSolution
		SolutionGuid = {FCAD0A64-9E2C-452F-BA05-6D1E0FC2BC9E}
	EndGlobalSection
EndGlobal
